# This file is generated by running "yarn install" inside your project.
# Manual changes might be lost - proceed with caution!

__metadata:
  version: 5
  cacheKey: 8

"@azure/functions@npm:^1.2.2":
  version: 1.2.2
  resolution: "@azure/functions@npm:1.2.2"
  checksum: b5c04f25984e42a77a9580bab78f592f57de2a531e83d1650d4acef629f83fa898f744e7e9504eebc7993dfc19d77a7894a07f4d0c13e6fd37a296c33f451051
  languageName: node
  linkType: hard

"@sendgrid/client@npm:^7.4.2":
  version: 7.4.2
  resolution: "@sendgrid/client@npm:7.4.2"
  dependencies:
    "@sendgrid/helpers": ^7.4.2
    axios: ^0.21.1
  checksum: 34b0024201d15edd200bb2097c87178e72e16b6efc3261423ea2afbf084872eb438f2e98f6293205230cfb6ed0767b84a8dc51a478c37368f45e2c189bfe815e
  languageName: node
  linkType: hard

"@sendgrid/helpers@npm:^7.4.2":
  version: 7.4.2
  resolution: "@sendgrid/helpers@npm:7.4.2"
  dependencies:
    deepmerge: ^4.2.2
  checksum: d236cebeffde662c4e509a19aa5c9f9644fd9dff2b46a0a63423bfa1ed4da37fe729342bb9c2c83568cdd3396fe2b7832788288319ddcf49aca322e0a5bb2bc6
  languageName: node
  linkType: hard

"@sendgrid/mail@npm:^7.4.0":
  version: 7.4.2
  resolution: "@sendgrid/mail@npm:7.4.2"
  dependencies:
    "@sendgrid/client": ^7.4.2
    "@sendgrid/helpers": ^7.4.2
  checksum: 8dcb0ad454e517432af7dcc69e9ea599a09c7e5485c88595f157b078c1ff98d804d4cf47e0ae0e48257d8ae260003be8b73d98332657643a54499c0ab163056f
  languageName: node
  linkType: hard

"@types/node@npm:^14.14.9":
  version: 14.14.37
  resolution: "@types/node@npm:14.14.37"
  checksum: 647e671ac3815f428a07ae9353ebab93c5335d4d0a461ca837a79eebf55c04f28bee80f0c43881cdd8696f595feb112bc8eb74f6124125e02f79a7677374c187
  languageName: node
  linkType: hard

"api@workspace:.":
  version: 0.0.0-use.local
  resolution: "api@workspace:."
  dependencies:
    "@azure/functions": ^1.2.2
    "@sendgrid/mail": ^7.4.0
    "@types/node": ^14.14.9
    typescript: 4.0.5
  languageName: unknown
  linkType: soft

"axios@npm:^0.21.1":
  version: 0.21.1
  resolution: "axios@npm:0.21.1"
  dependencies:
    follow-redirects: ^1.10.0
  checksum: c87915fa0b18c15c63350112b6b3563a3e2ae524d7707de0a73d2e065e0d30c5d3da8563037bc29d4cc1b7424b5a350cb7274fa52525c6c04a615fe561c6ab11
  languageName: node
  linkType: hard

"deepmerge@npm:^4.2.2":
  version: 4.2.2
  resolution: "deepmerge@npm:4.2.2"
  checksum: a8c43a1ed8d6d1ed2b5bf569fa4c8eb9f0924034baf75d5d406e47e157a451075c4db353efea7b6bcc56ec48116a8ce72fccf867b6e078e7c561904b5897530b
  languageName: node
  linkType: hard

"follow-redirects@npm:^1.10.0":
  version: 1.13.3
  resolution: "follow-redirects@npm:1.13.3"
  peerDependenciesMeta:
    debug:
      optional: true
  checksum: 4b5aaa91a0f938547a083d001a572da4d6b7586b699f330da8794ae2cf8b0d8628bcde794f9b205fbe6c6dcab30272454e723aed8f5540bf47a41fa8c7e36441
  languageName: node
  linkType: hard

typescript@4.0.5:
  version: 4.0.5
  resolution: "typescript@npm:4.0.5"
  bin:
    tsc: bin/tsc
    tsserver: bin/tsserver
  checksum: 7b1c419ec69f232f288febb36c8b0c5c0b9d0903037a4b7d38919a1eca873043de879f386d527f08e0de61bfba817551f746c8f530490f779a4043d514352f4e
  languageName: node
  linkType: hard

"typescript@patch:typescript@4.0.5#~builtin<compat/typescript>":
  version: 4.0.5
  resolution: "typescript@patch:typescript@npm%3A4.0.5#~builtin<compat/typescript>::version=4.0.5&hash=493e53"
  bin:
    tsc: bin/tsc
    tsserver: bin/tsserver
  checksum: 395f2f7f05548824550c7796d5a211d590275ea3b0ff34197a68dc25146c7fb681a9e90c9821b52ab055a4db0cd63ed384a61a17c3c826add4f9ee81b2c1e091
  languageName: node
  linkType: hard
