# This file is generated by running "yarn install" inside your project.
# Manual changes might be lost - proceed with caution!

__metadata:
  version: 4
  cacheKey: 7

"@azure/functions@npm:^1.2.2":
  version: 1.2.2
  resolution: "@azure/functions@npm:1.2.2"
  checksum: 6aa7a0265a7c734dbe809f81222beaaa74f39e8146f30f01efc677998899b36e49656e7659aaffaa63f8be3dc3a59a37913a37e63be1cd659e6687e04b1e47ee
  languageName: node
  linkType: hard

"@sendgrid/client@npm:^7.4.2":
  version: 7.4.2
  resolution: "@sendgrid/client@npm:7.4.2"
  dependencies:
    "@sendgrid/helpers": ^7.4.2
    axios: ^0.21.1
  checksum: b7dd62ee5e9324c7d97393f5667bdc7d647eec49700b5c0edc2a42bb2ec3e20e01202c920cfbcea87422b813bc02587ca93d16c4bb26498b621f003c2b2e5a5c
  languageName: node
  linkType: hard

"@sendgrid/helpers@npm:^7.4.2":
  version: 7.4.2
  resolution: "@sendgrid/helpers@npm:7.4.2"
  dependencies:
    deepmerge: ^4.2.2
  checksum: 4747128f10680311e561c3a971ed4b323edc6ccd559f3d9467a7e31bfcdf232685ee64a43de6eac9ff8ca695e4c4c555bb58f01f0cd75dc519fa03215763fa12
  languageName: node
  linkType: hard

"@sendgrid/mail@npm:^7.4.0":
  version: 7.4.2
  resolution: "@sendgrid/mail@npm:7.4.2"
  dependencies:
    "@sendgrid/client": ^7.4.2
    "@sendgrid/helpers": ^7.4.2
  checksum: 4b4edeaf5ab06a0b4b501526e9bbe06fe0e4f6d55793be65ad22240e0701cad3a8cb0bf0ee64e6f2417557f5bfee4cf1230ec03ebe9d1356ac09eb5b868453aa
  languageName: node
  linkType: hard

"@types/node@npm:^14.14.9":
  version: 14.14.37
  resolution: "@types/node@npm:14.14.37"
  checksum: 5e2d9baf7594ebacaf016716515f30de0765169412787f981481c2fb8b468923149bb9e2e3219ee672399811672ceddc339a7372a61cf15bc656836a5494d991
  languageName: node
  linkType: hard

"api@workspace:.":
  version: 0.0.0-use.local
  resolution: "api@workspace:."
  dependencies:
    "@azure/functions": ^1.2.2
    "@sendgrid/mail": ^7.4.0
    "@types/node": ^14.14.9
    typescript: 4.0.5
  languageName: unknown
  linkType: soft

"axios@npm:^0.21.1":
  version: 0.21.1
  resolution: "axios@npm:0.21.1"
  dependencies:
    follow-redirects: ^1.10.0
  checksum: 864fb7b5d077d236737f10adca53bf451a93f35a15271f56fba8da07265a02d26b7d881b935a6697dc6adb0549ea3e56d2eecb403edaa3bb78f6479901c10f69
  languageName: node
  linkType: hard

"deepmerge@npm:^4.2.2":
  version: 4.2.2
  resolution: "deepmerge@npm:4.2.2"
  checksum: 85abf8e0045ee280996e7d2396979c877ef0741e413b716e42441110e0a83ac08098b2a49cea035510060bf667c0eae3189b2a52349f5fa4b000c211041637b1
  languageName: node
  linkType: hard

"follow-redirects@npm:^1.10.0":
  version: 1.13.3
  resolution: "follow-redirects@npm:1.13.3"
  peerDependenciesMeta:
    debug:
      optional: true
  checksum: 9ad74c3b66ad5c32d8c009a2afb4e5c1b9e5dbe1f631419296c21f8e4f9976ed2c52f9a676c4acdd1d7f41a8f17a03dfaa3704993b25b5965eb11bc9dc9a8ef5
  languageName: node
  linkType: hard

typescript@4.0.5:
  version: 4.0.5
  resolution: "typescript@npm:4.0.5"
  bin:
    tsc: bin/tsc
    tsserver: bin/tsserver
  checksum: ce94d4bbb914cc9d6fbd42e1476ab18c3292b262b8ba7ba76cd167a858545207a604e75bf1efbb75b8654c8f85deaa19795c3ef00098d7612855139b4ecc0240
  languageName: node
  linkType: hard

"typescript@patch:typescript@4.0.5#builtin<compat/typescript>":
  version: 4.0.5
  resolution: "typescript@patch:typescript@npm%3A4.0.5#builtin<compat/typescript>::version=4.0.5&hash=a45b0e"
  bin:
    tsc: bin/tsc
    tsserver: bin/tsserver
  checksum: 8a1421806f115db698eb80854730e0576b6c68486eb76d6c5d18a3302ad990bc482eb7fc2802166de67880392ef45bfe86b6466a6222f009d560f619dabe7312
  languageName: node
  linkType: hard
